
Microsoft Visual Studio Solution File, Format Version 12.00
# Visual Studio Version 16
VisualStudioVersion = 16.0.31702.278
MinimumVisualStudioVersion = 10.0.40219.1
Project("{FAE04EC0-301F-11D3-BF4B-00C04F79EFBC}") = "New Github Project", "New Github Project\New Github Project.csproj", "{56C9222F-49A0-458A-8059-806EEB94606D}"
EndProject
Global
	GlobalSection(SolutionConfigurationPlatforms) = preSolution
		Debug|Any CPU = Debug|Any CPU
		Release|Any CPU = Release|Any CPU
	EndGlobalSection
	GlobalSection(ProjectConfigurationPlatforms) = postSolution
		{56C9222F-49A0-458A-8059-806EEB94606D}.Debug|Any CPU.ActiveCfg = Debug|Any CPU
		{56C9222F-49A0-458A-8059-806EEB94606D}.Debug|Any CPU.Build.0 = Debug|Any CPU
		{56C9222F-49A0-458A-8059-806EEB94606D}.Release|Any CPU.ActiveCfg = Release|Any CPU
		{56C9222F-49A0-458A-8059-806EEB94606D}.Release|Any CPU.Build.0 = Release|Any CPU
	EndGlobalSection
	GlobalSection(SolutionProperties) = preSolution
		HideSolutionNode = FALSE
	EndGlobalSection
	GlobalSection(ExtensibilityGlobals) = postSolution
		SolutionGuid = {97F94F02-232E-4FC9-A8A7-975CCFFFE7AA}
	EndGlobalSection
EndGlobal
